// !$*UTF8*$!
{
	archiveVersion = 1;
	classes = {
	};
	objectVersion = 48;
	objects = {

/* Begin PBXBuildFile section */
		111F13DE1F73AF0700E4A79A /* AppDelegate.swift in Sources */ = {isa = PBXBuildFile; fileRef = 111F13DD1F73AF0700E4A79A /* AppDelegate.swift */; };
		111F13E01F73AF0700E4A79A /* WelcomeVC.swift in Sources */ = {isa = PBXBuildFile; fileRef = 111F13DF1F73AF0700E4A79A /* WelcomeVC.swift */; };
		111F13E31F73AF0700E4A79A /* Main.storyboard in Resources */ = {isa = PBXBuildFile; fileRef = 111F13E11F73AF0700E4A79A /* Main.storyboard */; };
		111F13E51F73AF0700E4A79A /* Assets.xcassets in Resources */ = {isa = PBXBuildFile; fileRef = 111F13E41F73AF0700E4A79A /* Assets.xcassets */; };
		111F13E81F73AF0700E4A79A /* LaunchScreen.storyboard in Resources */ = {isa = PBXBuildFile; fileRef = 111F13E61F73AF0700E4A79A /* LaunchScreen.storyboard */; };
		111F13F11F73B33600E4A79A /* BorderButton.swift in Sources */ = {isa = PBXBuildFile; fileRef = 111F13F01F73B33600E4A79A /* BorderButton.swift */; };
		1130F2671F73EDBC002FE9A8 /* LeagueVC.swift in Sources */ = {isa = PBXBuildFile; fileRef = 1130F2661F73EDBC002FE9A8 /* LeagueVC.swift */; };
		1130F2691F73EDFC002FE9A8 /* SkillVC.swift in Sources */ = {isa = PBXBuildFile; fileRef = 1130F2681F73EDFC002FE9A8 /* SkillVC.swift */; };
		116747EF1F73F717003788B5 /* Player.swift in Sources */ = {isa = PBXBuildFile; fileRef = 116747EE1F73F717003788B5 /* Player.swift */; };
/* End PBXBuildFile section */

/* Begin PBXFileReference section */
		111F13DA1F73AF0700E4A79A /* app-swoosh.app */ = {isa = PBXFileReference; explicitFileType = wrapper.application; includeInIndex = 0; path = "app-swoosh.app"; sourceTree = BUILT_PRODUCTS_DIR; };
		111F13DD1F73AF0700E4A79A /* AppDelegate.swift */ = {isa = PBXFileReference; lastKnownFileType = sourcecode.swift; path = AppDelegate.swift; sourceTree = "<group>"; };
		111F13DF1F73AF0700E4A79A /* WelcomeVC.swift */ = {isa = PBXFileReference; lastKnownFileType = sourcecode.swift; path = WelcomeVC.swift; sourceTree = "<group>"; };
		111F13E21F73AF0700E4A79A /* Base */ = {isa = PBXFileReference; lastKnownFileType = file.storyboard; name = Base; path = Base.lproj/Main.storyboard; sourceTree = "<group>"; };
		111F13E41F73AF0700E4A79A /* Assets.xcassets */ = {isa = PBXFileReference; lastKnownFileType = folder.assetcatalog; path = Assets.xcassets; sourceTree = "<group>"; };
		111F13E71F73AF0700E4A79A /* Base */ = {isa = PBXFileReference; lastKnownFileType = file.storyboard; name = Base; path = Base.lproj/LaunchScreen.storyboard; sourceTree = "<group>"; };
		111F13E91F73AF0700E4A79A /* Info.plist */ = {isa = PBXFileReference; lastKnownFileType = text.plist.xml; path = Info.plist; sourceTree = "<group>"; };
		111F13F01F73B33600E4A79A /* BorderButton.swift */ = {isa = PBXFileReference; lastKnownFileType = sourcecode.swift; path = BorderButton.swift; sourceTree = "<group>"; };
		1130F2661F73EDBC002FE9A8 /* LeagueVC.swift */ = {isa = PBXFileReference; lastKnownFileType = sourcecode.swift; path = LeagueVC.swift; sourceTree = "<group>"; };
		1130F2681F73EDFC002FE9A8 /* SkillVC.swift */ = {isa = PBXFileReference; lastKnownFileType = sourcecode.swift; path = SkillVC.swift; sourceTree = "<group>"; };
		116747EE1F73F717003788B5 /* Player.swift */ = {isa = PBXFileReference; lastKnownFileType = sourcecode.swift; path = Player.swift; sourceTree = "<group>"; };
/* End PBXFileReference section */

/* Begin PBXFrameworksBuildPhase section */
		111F13D71F73AF0700E4A79A /* Frameworks */ = {
			isa = PBXFrameworksBuildPhase;
			buildActionMask = 2147483647;
			files = (
			);
			runOnlyForDeploymentPostprocessing = 0;
		};
/* End PBXFrameworksBuildPhase section */

/* Begin PBXGroup section */
		111F13D11F73AF0700E4A79A = {
			isa = PBXGroup;
			children = (
				111F13DC1F73AF0700E4A79A /* app-swoosh */,
				111F13DB1F73AF0700E4A79A /* Products */,
			);
			sourceTree = "<group>";
		};
		111F13DB1F73AF0700E4A79A /* Products */ = {
			isa = PBXGroup;
			children = (
				111F13DA1F73AF0700E4A79A /* app-swoosh.app */,
			);
			name = Products;
			sourceTree = "<group>";
		};
		111F13DC1F73AF0700E4A79A /* app-swoosh */ = {
			isa = PBXGroup;
			children = (
				1130F2651F73ECE5002FE9A8 /* Model */,
				1130F2641F73ECD4002FE9A8 /* Controller */,
				111F13EF1F73B2E700E4A79A /* Views */,
				111F13DD1F73AF0700E4A79A /* AppDelegate.swift */,
				111F13E11F73AF0700E4A79A /* Main.storyboard */,
				111F13E41F73AF0700E4A79A /* Assets.xcassets */,
				111F13E61F73AF0700E4A79A /* LaunchScreen.storyboard */,
				111F13E91F73AF0700E4A79A /* Info.plist */,
			);
			path = "app-swoosh";
			sourceTree = "<group>";
		};
		111F13EF1F73B2E700E4A79A /* Views */ = {
			isa = PBXGroup;
			children = (
				111F13F01F73B33600E4A79A /* BorderButton.swift */,
			);
			path = Views;
			sourceTree = "<group>";
		};
		1130F2641F73ECD4002FE9A8 /* Controller */ = {
			isa = PBXGroup;
			children = (
				111F13DF1F73AF0700E4A79A /* WelcomeVC.swift */,
				1130F2661F73EDBC002FE9A8 /* LeagueVC.swift */,
				1130F2681F73EDFC002FE9A8 /* SkillVC.swift */,
			);
			path = Controller;
			sourceTree = "<group>";
		};
		1130F2651F73ECE5002FE9A8 /* Model */ = {
			isa = PBXGroup;
			children = (
				116747EE1F73F717003788B5 /* Player.swift */,
			);
			path = Model;
			sourceTree = "<group>";
		};
/* End PBXGroup section */

/* Begin PBXNativeTarget section */
		111F13D91F73AF0700E4A79A /* app-swoosh */ = {
			isa = PBXNativeTarget;
			buildConfigurationList = 111F13EC1F73AF0700E4A79A /* Build configuration list for PBXNativeTarget "app-swoosh" */;
			buildPhases = (
				111F13D61F73AF0700E4A79A /* Sources */,
				111F13D71F73AF0700E4A79A /* Frameworks */,
				111F13D81F73AF0700E4A79A /* Resources */,
			);
			buildRules = (
			);
			dependencies = (
			);
			name = "app-swoosh";
			productName = "app-swoosh";
			productReference = 111F13DA1F73AF0700E4A79A /* app-swoosh.app */;
			productType = "com.apple.product-type.application";
		};
/* End PBXNativeTarget section */

/* Begin PBXProject section */
		111F13D21F73AF0700E4A79A /* Project object */ = {
			isa = PBXProject;
			attributes = {
				LastSwiftUpdateCheck = 0900;
				LastUpgradeCheck = 0900;
				ORGANIZATIONNAME = Andrei;
				TargetAttributes = {
					111F13D91F73AF0700E4A79A = {
						CreatedOnToolsVersion = 9.0;
						ProvisioningStyle = Automatic;
					};
				};
			};
			buildConfigurationList = 111F13D51F73AF0700E4A79A /* Build configuration list for PBXProject "app-swoosh" */;
			compatibilityVersion = "Xcode 8.0";
			developmentRegion = en;
			hasScannedForEncodings = 0;
			knownRegions = (
				en,
				Base,
			);
			mainGroup = 111F13D11F73AF0700E4A79A;
			productRefGroup = 111F13DB1F73AF0700E4A79A /* Products */;
			projectDirPath = "";
			projectRoot = "";
			targets = (
				111F13D91F73AF0700E4A79A /* app-swoosh */,
			);
		};
/* End PBXProject section */

/* Begin PBXResourcesBuildPhase section */
		111F13D81F73AF0700E4A79A /* Resources */ = {
			isa = PBXResourcesBuildPhase;
			buildActionMask = 2147483647;
			files = (
				111F13E81F73AF0700E4A79A /* LaunchScreen.storyboard in Resources */,
				111F13E51F73AF0700E4A79A /* Assets.xcassets in Resources */,
				111F13E31F73AF0700E4A79A /* Main.storyboard in Resources */,
			);
			runOnlyForDeploymentPostprocessing = 0;
		};
/* End PBXResourcesBuildPhase section */

/* Begin PBXSourcesBuildPhase section */
		111F13D61F73AF0700E4A79A /* Sources */ = {
			isa = PBXSourcesBuildPhase;
			buildActionMask = 2147483647;
			files = (
				111F13E01F73AF0700E4A79A /* WelcomeVC.swift in Sources */,
				1130F2671F73EDBC002FE9A8 /* LeagueVC.swift in Sources */,
				111F13DE1F73AF0700E4A79A /* AppDelegate.swift in Sources */,
				1130F2691F73EDFC002FE9A8 /* SkillVC.swift in Sources */,
				116747EF1F73F717003788B5 /* Player.swift in Sources */,
				111F13F11F73B33600E4A79A /* BorderButton.swift in Sources */,
			);
			runOnlyForDeploymentPostprocessing = 0;
		};
/* End PBXSourcesBuildPhase section */

/* Begin PBXVariantGroup section */
		111F13E11F73AF0700E4A79A /* Main.storyboard */ = {
			isa = PBXVariantGroup;
			children = (
				111F13E21F73AF0700E4A79A /* Base */,
			);
			name = Main.storyboard;
			sourceTree = "<group>";
		};
		111F13E61F73AF0700E4A79A /* LaunchScreen.storyboard */ = {
			isa = PBXVariantGroup;
			children = (
				111F13E71F73AF0700E4A79A /* Base */,
			);
			name = LaunchScreen.storyboard;
			sourceTree = "<group>";
		};
/* End PBXVariantGroup section */

/* Begin XCBuildConfiguration section */
		111F13EA1F73AF0700E4A79A /* Debug */ = {
			isa = XCBuildConfiguration;
			buildSettings = {
				ALWAYS_SEARCH_USER_PATHS = NO;
				CLANG_ANALYZER_NONNULL = YES;
				CLANG_ANALYZER_NUMBER_OBJECT_CONVERSION = YES_AGGRESSIVE;
				CLANG_CXX_LANGUAGE_STANDARD = "gnu++14";
				CLANG_CXX_LIBRARY = "libc++";
				CLANG_ENABLE_MODULES = YES;
				CLANG_ENABLE_OBJC_ARC = YES;
				CLANG_WARN_BLOCK_CAPTURE_AUTORELEASING = YES;
				CLANG_WARN_BOOL_CONVERSION = YES;
				CLANG_WARN_COMMA = YES;
				CLANG_WARN_CONSTANT_CONVERSION = YES;
				CLANG_WARN_DIRECT_OBJC_ISA_USAGE = YES_ERROR;
				CLANG_WARN_DOCUMENTATION_COMMENTS = YES;
				CLANG_WARN_EMPTY_BODY = YES;
				CLANG_WARN_ENUM_CONVERSION = YES;
				CLANG_WARN_INFINITE_RECURSION = YES;
				CLANG_WARN_INT_CONVERSION = YES;
				CLANG_WARN_NON_LITERAL_NULL_CONVERSION = YES;
				CLANG_WARN_OBJC_LITERAL_CONVERSION = YES;
				CLANG_WARN_OBJC_ROOT_CLASS = YES_ERROR;
				CLANG_WARN_RANGE_LOOP_ANALYSIS = YES;
				CLANG_WARN_STRICT_PROTOTYPES = YES;
				CLANG_WARN_SUSPICIOUS_MOVE = YES;
				CLANG_WARN_UNGUARDED_AVAILABILITY = YES_AGGRESSIVE;
				CLANG_WARN_UNREACHABLE_CODE = YES;
				CLANG_WARN__DUPLICATE_METHOD_MATCH = YES;
				CODE_SIGN_IDENTITY = "iPhone Developer";
				COPY_PHASE_STRIP = NO;
				DEBUG_INFORMATION_FORMAT = dwarf;
				ENABLE_STRICT_OBJC_MSGSEND = YES;
				ENABLE_TESTABILITY = YES;
				GCC_C_LANGUAGE_STANDARD = gnu11;
				GCC_DYNAMIC_NO_PIC = NO;
				GCC_NO_COMMON_BLOCKS = YES;
				GCC_OPTIMIZATION_LEVEL = 0;
				GCC_PREPROCESSOR_DEFINITIONS = (
					"DEBUG=1",
					"$(inherited)",
				);
				GCC_WARN_64_TO_32_BIT_CONVERSION = YES;
				GCC_WARN_ABOUT_RETURN_TYPE = YES_ERROR;
				GCC_WARN_UNDECLARED_SELECTOR = YES;
				GCC_WARN_UNINITIALIZED_AUTOS = YES_AGGRESSIVE;
				GCC_WARN_UNUSED_FUNCTION = YES;
				GCC_WARN_UNUSED_VARIABLE = YES;
				IPHONEOS_DEPLOYMENT_TARGET = 11.0;
				MTL_ENABLE_DEBUG_INFO = YES;
				ONLY_ACTIVE_ARCH = YES;
				SDKROOT = iphoneos;
				SWIFT_ACTIVE_COMPILATION_CONDITIONS = DEBUG;
				SWIFT_OPTIMIZATION_LEVEL = "-Onone";
			};
			name = Debug;
		};
		111F13EB1F73AF0700E4A79A /* Release */ = {
			isa = XCBuildConfiguration;
			buildSettings = {
				ALWAYS_SEARCH_USER_PATHS = NO;
				CLANG_ANALYZER_NONNULL = YES;
				CLANG_ANALYZER_NUMBER_OBJECT_CONVERSION = YES_AGGRESSIVE;
				CLANG_CXX_LANGUAGE_STANDARD = "gnu++14";
				CLANG_CXX_LIBRARY = "libc++";
				CLANG_ENABLE_MODULES = YES;
				CLANG_ENABLE_OBJC_ARC = YES;
				CLANG_WARN_BLOCK_CAPTURE_AUTORELEASING = YES;
				CLANG_WARN_BOOL_CONVERSION = YES;
				CLANG_WARN_COMMA = YES;
				CLANG_WARN_CONSTANT_CONVERSION = YES;
				CLANG_WARN_DIRECT_OBJC_ISA_USAGE = YES_ERROR;
				CLANG_WARN_DOCUMENTATION_COMMENTS = YES;
				CLANG_WARN_EMPTY_BODY = YES;
				CLANG_WARN_ENUM_CONVERSION = YES;
				CLANG_WARN_INFINITE_RECURSION = YES;
				CLANG_WARN_INT_CONVERSION = YES;
				CLANG_WARN_NON_LITERAL_NULL_CONVERSION = YES;
				CLANG_WARN_OBJC_LITERAL_CONVERSION = YES;
				CLANG_WARN_OBJC_ROOT_CLASS = YES_ERROR;
				CLANG_WARN_RANGE_LOOP_ANALYSIS = YES;
				CLANG_WARN_STRICT_PROTOTYPES = YES;
				CLANG_WARN_SUSPICIOUS_MOVE = YES;
				CLANG_WARN_UNGUARDED_AVAILABILITY = YES_AGGRESSIVE;
				CLANG_WARN_UNREACHABLE_CODE = YES;
				CLANG_WARN__DUPLICATE_METHOD_MATCH = YES;
				CODE_SIGN_IDENTITY = "iPhone Developer";
				COPY_PHASE_STRIP = NO;
				DEBUG_INFORMATION_FORMAT = "dwarf-with-dsym";
				ENABLE_NS_ASSERTIONS = NO;
				ENABLE_STRICT_OBJC_MSGSEND = YES;
				GCC_C_LANGUAGE_STANDARD = gnu11;
				GCC_NO_COMMON_BLOCKS = YES;
				GCC_WARN_64_TO_32_BIT_CONVERSION = YES;
				GCC_WARN_ABOUT_RETURN_TYPE = YES_ERROR;
				GCC_WARN_UNDECLARED_SELECTOR = YES;
				GCC_WARN_UNINITIALIZED_AUTOS = YES_AGGRESSIVE;
				GCC_WARN_UNUSED_FUNCTION = YES;
				GCC_WARN_UNUSED_VARIABLE = YES;
				IPHONEOS_DEPLOYMENT_TARGET = 11.0;
				MTL_ENABLE_DEBUG_INFO = NO;
				SDKROOT = iphoneos;
				SWIFT_OPTIMIZATION_LEVEL = "-Owholemodule";
				VALIDATE_PRODUCT = YES;
			};
			name = Release;
		};
		111F13ED1F73AF0700E4A79A /* Debug */ = {
			isa = XCBuildConfiguration;
			buildSettings = {
				ASSETCATALOG_COMPILER_APPICON_NAME = AppIcon;
				CODE_SIGN_STYLE = Automatic;
				DEVELOPMENT_TEAM = 5PC945PXWK;
				INFOPLIST_FILE = "app-swoosh/Info.plist";
				LD_RUNPATH_SEARCH_PATHS = "$(inherited) @executable_path/Frameworks";
				PRODUCT_BUNDLE_IDENTIFIER = "net.andreidumitrescu.app-swoosh";
				PRODUCT_NAME = "$(TARGET_NAME)";
				SWIFT_VERSION = 4.0;
				TARGETED_DEVICE_FAMILY = "1,2";
			};
			name = Debug;
		};
		111F13EE1F73AF0700E4A79A /* Release */ = {
			isa = XCBuildConfiguration;
			buildSettings = {
				ASSETCATALOG_COMPILER_APPICON_NAME = AppIcon;
				CODE_SIGN_STYLE = Automatic;
				DEVELOPMENT_TEAM = 5PC945PXWK;
				INFOPLIST_FILE = "app-swoosh/Info.plist";
				LD_RUNPATH_SEARCH_PATHS = "$(inherited) @executable_path/Frameworks";
				PRODUCT_BUNDLE_IDENTIFIER = "net.andreidumitrescu.app-swoosh";
				PRODUCT_NAME = "$(TARGET_NAME)";
				SWIFT_VERSION = 4.0;
				TARGETED_DEVICE_FAMILY = "1,2";
			};
			name = Release;
		};
/* End XCBuildConfiguration section */

/* Begin XCConfigurationList section */
		111F13D51F73AF0700E4A79A /* Build configuration list for PBXProject "app-swoosh" */ = {
			isa = XCConfigurationList;
			buildConfigurations = (
				111F13EA1F73AF0700E4A79A /* Debug */,
				111F13EB1F73AF0700E4A79A /* Release */,
			);
			defaultConfigurationIsVisible = 0;
			defaultConfigurationName = Release;
		};
		111F13EC1F73AF0700E4A79A /* Build configuration list for PBXNativeTarget "app-swoosh" */ = {
			isa = XCConfigurationList;
			buildConfigurations = (
				111F13ED1F73AF0700E4A79A /* Debug */,
				111F13EE1F73AF0700E4A79A /* Release */,
			);
			defaultConfigurationIsVisible = 0;
			defaultConfigurationName = Release;
		};
/* End XCConfigurationList section */
	};
	rootObject = 111F13D21F73AF0700E4A79A /* Project object */;
}
